// !$*UTF8*$!
{
	archiveVersion = 1;
	classes = {
	};
	objectVersion = 46;
	objects = {

/* Begin PBXBuildFile section */
		658390BF1207541B7CB729DA /* Pods_RNReactNativeIosLibraryNsr.framework in Frameworks */ = {isa = PBXBuildFile; fileRef = 9FE3B640D5B58DDC6A2EB76A /* Pods_RNReactNativeIosLibraryNsr.framework */; };
		A9010750229E82CB00A3EBE8 /* UIKit.framework in Frameworks */ = {isa = PBXBuildFile; fileRef = A901074D229E82CB00A3EBE8 /* UIKit.framework */; };
		A9010752229E82DA00A3EBE8 /* AVFoundation.framework in Frameworks */ = {isa = PBXBuildFile; fileRef = A9010751229E82DA00A3EBE8 /* AVFoundation.framework */; };
		A9B3347B229D8D3900959789 /* AFNetworking.framework in Frameworks */ = {isa = PBXBuildFile; fileRef = A9B33478229D8D2000959789 /* AFNetworking.framework */; };
		A9E4434A229D749F00F6EC2D /* NSR.m in Sources */ = {isa = PBXBuildFile; fileRef = A9E44331229D749E00F6EC2D /* NSR.m */; };
		A9E4434C229D749F00F6EC2D /* NSRDefaultSecurityDelegate.m in Sources */ = {isa = PBXBuildFile; fileRef = A9E44336229D749E00F6EC2D /* NSRDefaultSecurityDelegate.m */; };
		A9E4434D229D749F00F6EC2D /* NSRWebView.m in Sources */ = {isa = PBXBuildFile; fileRef = A9E44337229D749E00F6EC2D /* NSRWebView.m */; };
		A9E4434F229D749F00F6EC2D /* NSREventWebView.m in Sources */ = {isa = PBXBuildFile; fileRef = A9E4433B229D749E00F6EC2D /* NSREventWebView.m */; };
		A9E44351229D749F00F6EC2D /* NSRControllerWebView.m in Sources */ = {isa = PBXBuildFile; fileRef = A9E44342229D749E00F6EC2D /* NSRControllerWebView.m */; };
		A9E44352229D749F00F6EC2D /* NSRUser.m in Sources */ = {isa = PBXBuildFile; fileRef = A9E44344229D749F00F6EC2D /* NSRUser.m */; };
		B3E7B58A1CC2AC0600A0062D /* RNReactNativeIosLibraryNsr.m in Sources */ = {isa = PBXBuildFile; fileRef = B3E7B5891CC2AC0600A0062D /* RNReactNativeIosLibraryNsr.m */; };
/* End PBXBuildFile section */

/* Begin PBXContainerItemProxy section */
		A9B33477229D8D2000959789 /* PBXContainerItemProxy */ = {
			isa = PBXContainerItemProxy;
			containerPortal = A9B33472229D8D2000959789 /* Pods.xcodeproj */;
			proxyType = 2;
			remoteGlobalIDString = 491B70A98D120722F0A0A0E64E321378;
			remoteInfo = AFNetworking;
		};
		A9B33479229D8D2000959789 /* PBXContainerItemProxy */ = {
			isa = PBXContainerItemProxy;
			containerPortal = A9B33472229D8D2000959789 /* Pods.xcodeproj */;
			proxyType = 2;
			remoteGlobalIDString = C61C71F9602084EBE3D3CF78AB70B4FC;
			remoteInfo = "Pods-RNReactNativeIosLibraryNsr";
		};
/* End PBXContainerItemProxy section */

/* Begin PBXCopyFilesBuildPhase section */
		58B511D91A9E6C8500147676 /* CopyFiles */ = {
			isa = PBXCopyFilesBuildPhase;
			buildActionMask = 2147483647;
			dstPath = "include/$(PRODUCT_NAME)";
			dstSubfolderSpec = 16;
			files = (
			);
			runOnlyForDeploymentPostprocessing = 0;
		};
/* End PBXCopyFilesBuildPhase section */

/* Begin PBXFileReference section */
		134814201AA4EA6300B7C361 /* libRNReactNativeIosLibraryNsr.a */ = {isa = PBXFileReference; explicitFileType = archive.ar; includeInIndex = 0; path = libRNReactNativeIosLibraryNsr.a; sourceTree = BUILT_PRODUCTS_DIR; };
		328A7D97C148CD8E63692260 /* Pods-RNReactNativeIosLibraryNsr.release.xcconfig */ = {isa = PBXFileReference; includeInIndex = 1; lastKnownFileType = text.xcconfig; name = "Pods-RNReactNativeIosLibraryNsr.release.xcconfig"; path = "Target Support Files/Pods-RNReactNativeIosLibraryNsr/Pods-RNReactNativeIosLibraryNsr.release.xcconfig"; sourceTree = "<group>"; };
		8D2B7C14CF21CD75818C28BE /* Pods-RNReactNativeIosLibraryNsr.debug.xcconfig */ = {isa = PBXFileReference; includeInIndex = 1; lastKnownFileType = text.xcconfig; name = "Pods-RNReactNativeIosLibraryNsr.debug.xcconfig"; path = "Target Support Files/Pods-RNReactNativeIosLibraryNsr/Pods-RNReactNativeIosLibraryNsr.debug.xcconfig"; sourceTree = "<group>"; };
		9FE3B640D5B58DDC6A2EB76A /* Pods_RNReactNativeIosLibraryNsr.framework */ = {isa = PBXFileReference; explicitFileType = wrapper.framework; includeInIndex = 0; path = Pods_RNReactNativeIosLibraryNsr.framework; sourceTree = BUILT_PRODUCTS_DIR; };
		A901074D229E82CB00A3EBE8 /* UIKit.framework */ = {isa = PBXFileReference; lastKnownFileType = wrapper.framework; name = UIKit.framework; path = System/Library/Frameworks/UIKit.framework; sourceTree = SDKROOT; };
		A9010751229E82DA00A3EBE8 /* AVFoundation.framework */ = {isa = PBXFileReference; lastKnownFileType = wrapper.framework; name = AVFoundation.framework; path = System/Library/Frameworks/AVFoundation.framework; sourceTree = SDKROOT; };
		A9B33472229D8D2000959789 /* Pods.xcodeproj */ = {isa = PBXFileReference; lastKnownFileType = "wrapper.pb-project"; name = Pods.xcodeproj; path = Pods/Pods.xcodeproj; sourceTree = "<group>"; };
		A9E44331229D749E00F6EC2D /* NSR.m */ = {isa = PBXFileReference; fileEncoding = 4; lastKnownFileType = sourcecode.c.objc; path = NSR.m; sourceTree = "<group>"; };
		A9E44332229D749E00F6EC2D /* NSRControllerWebView.h */ = {isa = PBXFileReference; fileEncoding = 4; lastKnownFileType = sourcecode.c.h; path = NSRControllerWebView.h; sourceTree = "<group>"; };
		A9E44335229D749E00F6EC2D /* RNReactNativeIosLibraryNsr.xcworkspace */ = {isa = PBXFileReference; lastKnownFileType = wrapper.workspace; path = RNReactNativeIosLibraryNsr.xcworkspace; sourceTree = "<group>"; };
		A9E44336229D749E00F6EC2D /* NSRDefaultSecurityDelegate.m */ = {isa = PBXFileReference; fileEncoding = 4; lastKnownFileType = sourcecode.c.objc; path = NSRDefaultSecurityDelegate.m; sourceTree = "<group>"; };
		A9E44337229D749E00F6EC2D /* NSRWebView.m */ = {isa = PBXFileReference; fileEncoding = 4; lastKnownFileType = sourcecode.c.objc; path = NSRWebView.m; sourceTree = "<group>"; };
		A9E44338229D749E00F6EC2D /* RNReactNativeIosLibraryNsr.podspec */ = {isa = PBXFileReference; fileEncoding = 4; lastKnownFileType = text; path = RNReactNativeIosLibraryNsr.podspec; sourceTree = "<group>"; };
		A9E44339229D749E00F6EC2D /* NSRUser.h */ = {isa = PBXFileReference; fileEncoding = 4; lastKnownFileType = sourcecode.c.h; path = NSRUser.h; sourceTree = "<group>"; };
		A9E4433B229D749E00F6EC2D /* NSREventWebView.m */ = {isa = PBXFileReference; fileEncoding = 4; lastKnownFileType = sourcecode.c.objc; path = NSREventWebView.m; sourceTree = "<group>"; };
		A9E4433D229D749E00F6EC2D /* NSRDefaultSecurityDelegate.h */ = {isa = PBXFileReference; fileEncoding = 4; lastKnownFileType = sourcecode.c.h; path = NSRDefaultSecurityDelegate.h; sourceTree = "<group>"; };
		A9E4433E229D749E00F6EC2D /* NSREventWebView.h */ = {isa = PBXFileReference; fileEncoding = 4; lastKnownFileType = sourcecode.c.h; path = NSREventWebView.h; sourceTree = "<group>"; };
		A9E4433F229D749E00F6EC2D /* NSR.h */ = {isa = PBXFileReference; fileEncoding = 4; lastKnownFileType = sourcecode.c.h; path = NSR.h; sourceTree = "<group>"; };
		A9E44342229D749E00F6EC2D /* NSRControllerWebView.m */ = {isa = PBXFileReference; fileEncoding = 4; lastKnownFileType = sourcecode.c.objc; path = NSRControllerWebView.m; sourceTree = "<group>"; };
		A9E44343229D749F00F6EC2D /* push.wav */ = {isa = PBXFileReference; lastKnownFileType = audio.wav; path = push.wav; sourceTree = "<group>"; };
		A9E44344229D749F00F6EC2D /* NSRUser.m */ = {isa = PBXFileReference; fileEncoding = 4; lastKnownFileType = sourcecode.c.objc; path = NSRUser.m; sourceTree = "<group>"; };
		A9E44346229D749F00F6EC2D /* nsr_logo.png */ = {isa = PBXFileReference; lastKnownFileType = image.png; path = nsr_logo.png; sourceTree = "<group>"; };
		A9E44347229D749F00F6EC2D /* eventCruncher.html */ = {isa = PBXFileReference; fileEncoding = 4; lastKnownFileType = text.html; path = eventCruncher.html; sourceTree = "<group>"; };
		A9E44349229D749F00F6EC2D /* NSRWebView.h */ = {isa = PBXFileReference; fileEncoding = 4; lastKnownFileType = sourcecode.c.h; path = NSRWebView.h; sourceTree = "<group>"; };
		B3E7B5881CC2AC0600A0062D /* RNReactNativeIosLibraryNsr.h */ = {isa = PBXFileReference; fileEncoding = 4; lastKnownFileType = sourcecode.c.h; path = RNReactNativeIosLibraryNsr.h; sourceTree = "<group>"; };
		B3E7B5891CC2AC0600A0062D /* RNReactNativeIosLibraryNsr.m */ = {isa = PBXFileReference; fileEncoding = 4; lastKnownFileType = sourcecode.c.objc; path = RNReactNativeIosLibraryNsr.m; sourceTree = "<group>"; };
/* End PBXFileReference section */

/* Begin PBXFrameworksBuildPhase section */
		58B511D81A9E6C8500147676 /* Frameworks */ = {
			isa = PBXFrameworksBuildPhase;
			buildActionMask = 2147483647;
			files = (
				A9010752229E82DA00A3EBE8 /* AVFoundation.framework in Frameworks */,
				A9010750229E82CB00A3EBE8 /* UIKit.framework in Frameworks */,
				A9B3347B229D8D3900959789 /* AFNetworking.framework in Frameworks */,
				658390BF1207541B7CB729DA /* Pods_RNReactNativeIosLibraryNsr.framework in Frameworks */,
			);
			runOnlyForDeploymentPostprocessing = 0;
		};
/* End PBXFrameworksBuildPhase section */

/* Begin PBXGroup section */
		130461D3522354F0A3724BD2 /* Frameworks */ = {
			isa = PBXGroup;
			children = (
				A9010751229E82DA00A3EBE8 /* AVFoundation.framework */,
				A901074D229E82CB00A3EBE8 /* UIKit.framework */,
				9FE3B640D5B58DDC6A2EB76A /* Pods_RNReactNativeIosLibraryNsr.framework */,
			);
			name = Frameworks;
			sourceTree = "<group>";
		};
		134814211AA4EA7D00B7C361 /* Products */ = {
			isa = PBXGroup;
			children = (
				134814201AA4EA6300B7C361 /* libRNReactNativeIosLibraryNsr.a */,
			);
			name = Products;
			sourceTree = "<group>";
		};
		58B511D21A9E6C8500147676 = {
			isa = PBXGroup;
			children = (
				A9B33472229D8D2000959789 /* Pods.xcodeproj */,
				A9E44346229D749F00F6EC2D /* nsr_logo.png */,
				A9E4433F229D749E00F6EC2D /* NSR.h */,
				A9E44347229D749F00F6EC2D /* eventCruncher.html */,
				A9E44331229D749E00F6EC2D /* NSR.m */,
				A9E44332229D749E00F6EC2D /* NSRControllerWebView.h */,
				A9E44342229D749E00F6EC2D /* NSRControllerWebView.m */,
				A9E4433D229D749E00F6EC2D /* NSRDefaultSecurityDelegate.h */,
				A9E44336229D749E00F6EC2D /* NSRDefaultSecurityDelegate.m */,
				A9E4433E229D749E00F6EC2D /* NSREventWebView.h */,
				A9E4433B229D749E00F6EC2D /* NSREventWebView.m */,
				A9E44339229D749E00F6EC2D /* NSRUser.h */,
				A9E44344229D749F00F6EC2D /* NSRUser.m */,
				A9E44349229D749F00F6EC2D /* NSRWebView.h */,
				A9E44337229D749E00F6EC2D /* NSRWebView.m */,
				A9E44343229D749F00F6EC2D /* push.wav */,
				A9E44338229D749E00F6EC2D /* RNReactNativeIosLibraryNsr.podspec */,
				A9E44335229D749E00F6EC2D /* RNReactNativeIosLibraryNsr.xcworkspace */,
				B3E7B5881CC2AC0600A0062D /* RNReactNativeIosLibraryNsr.h */,
				B3E7B5891CC2AC0600A0062D /* RNReactNativeIosLibraryNsr.m */,
				134814211AA4EA7D00B7C361 /* Products */,
				C6A0A5BFB7D7A1967C3BEA8E /* Pods */,
				130461D3522354F0A3724BD2 /* Frameworks */,
			);
			sourceTree = "<group>";
		};
		A9B33473229D8D2000959789 /* Products */ = {
			isa = PBXGroup;
			children = (
				A9B33478229D8D2000959789 /* AFNetworking.framework */,
				A9B3347A229D8D2000959789 /* Pods_RNReactNativeIosLibraryNsr.framework */,
			);
			name = Products;
			sourceTree = "<group>";
		};
		C6A0A5BFB7D7A1967C3BEA8E /* Pods */ = {
			isa = PBXGroup;
			children = (
				8D2B7C14CF21CD75818C28BE /* Pods-RNReactNativeIosLibraryNsr.debug.xcconfig */,
				328A7D97C148CD8E63692260 /* Pods-RNReactNativeIosLibraryNsr.release.xcconfig */,
			);
			path = Pods;
			sourceTree = "<group>";
		};
/* End PBXGroup section */

/* Begin PBXNativeTarget section */
		58B511DA1A9E6C8500147676 /* RNReactNativeIosLibraryNsr */ = {
			isa = PBXNativeTarget;
			buildConfigurationList = 58B511EF1A9E6C8500147676 /* Build configuration list for PBXNativeTarget "RNReactNativeIosLibraryNsr" */;
			buildPhases = (
				352AB9CEBC27AFBE9AB2D3A4 /* [CP] Check Pods Manifest.lock */,
				58B511D71A9E6C8500147676 /* Sources */,
				58B511D81A9E6C8500147676 /* Frameworks */,
				58B511D91A9E6C8500147676 /* CopyFiles */,
			);
			buildRules = (
			);
			dependencies = (
			);
			name = RNReactNativeIosLibraryNsr;
			productName = RCTDataManager;
			productReference = 134814201AA4EA6300B7C361 /* libRNReactNativeIosLibraryNsr.a */;
			productType = "com.apple.product-type.library.static";
		};
/* End PBXNativeTarget section */

/* Begin PBXProject section */
		58B511D31A9E6C8500147676 /* Project object */ = {
			isa = PBXProject;
			attributes = {
				LastUpgradeCheck = 0830;
				ORGANIZATIONNAME = Facebook;
				TargetAttributes = {
					58B511DA1A9E6C8500147676 = {
						CreatedOnToolsVersion = 6.1.1;
					};
				};
			};
			buildConfigurationList = 58B511D61A9E6C8500147676 /* Build configuration list for PBXProject "RNReactNativeIosLibraryNsr" */;
			compatibilityVersion = "Xcode 3.2";
			developmentRegion = English;
			hasScannedForEncodings = 0;
			knownRegions = (
				English,
				en,
			);
			mainGroup = 58B511D21A9E6C8500147676;
			productRefGroup = 58B511D21A9E6C8500147676;
			projectDirPath = "";
			projectReferences = (
				{
					ProductGroup = A9B33473229D8D2000959789 /* Products */;
					ProjectRef = A9B33472229D8D2000959789 /* Pods.xcodeproj */;
				},
			);
			projectRoot = "";
			targets = (
				58B511DA1A9E6C8500147676 /* RNReactNativeIosLibraryNsr */,
			);
		};
/* End PBXProject section */

/* Begin PBXReferenceProxy section */
		A9B33478229D8D2000959789 /* AFNetworking.framework */ = {
			isa = PBXReferenceProxy;
			fileType = wrapper.framework;
			path = AFNetworking.framework;
			remoteRef = A9B33477229D8D2000959789 /* PBXContainerItemProxy */;
			sourceTree = BUILT_PRODUCTS_DIR;
		};
		A9B3347A229D8D2000959789 /* Pods_RNReactNativeIosLibraryNsr.framework */ = {
			isa = PBXReferenceProxy;
			fileType = wrapper.framework;
			path = Pods_RNReactNativeIosLibraryNsr.framework;
			remoteRef = A9B33479229D8D2000959789 /* PBXContainerItemProxy */;
			sourceTree = BUILT_PRODUCTS_DIR;
		};
/* End PBXReferenceProxy section */

/* Begin PBXShellScriptBuildPhase section */
		352AB9CEBC27AFBE9AB2D3A4 /* [CP] Check Pods Manifest.lock */ = {
			isa = PBXShellScriptBuildPhase;
			buildActionMask = 2147483647;
			files = (
			);
			inputFileListPaths = (
			);
			inputPaths = (
				"${PODS_PODFILE_DIR_PATH}/Podfile.lock",
				"${PODS_ROOT}/Manifest.lock",
			);
			name = "[CP] Check Pods Manifest.lock";
			outputFileListPaths = (
			);
			outputPaths = (
				"$(DERIVED_FILE_DIR)/Pods-RNReactNativeIosLibraryNsr-checkManifestLockResult.txt",
			);
			runOnlyForDeploymentPostprocessing = 0;
			shellPath = /bin/sh;
			shellScript = "diff \"${PODS_PODFILE_DIR_PATH}/Podfile.lock\" \"${PODS_ROOT}/Manifest.lock\" > /dev/null\nif [ $? != 0 ] ; then\n    # print error to STDERR\n    echo \"error: The sandbox is not in sync with the Podfile.lock. Run 'pod install' or update your CocoaPods installation.\" >&2\n    exit 1\nfi\n# This output is used by Xcode 'outputs' to avoid re-running this script phase.\necho \"SUCCESS\" > \"${SCRIPT_OUTPUT_FILE_0}\"\n";
			showEnvVarsInLog = 0;
		};
/* End PBXShellScriptBuildPhase section */

/* Begin PBXSourcesBuildPhase section */
		58B511D71A9E6C8500147676 /* Sources */ = {
			isa = PBXSourcesBuildPhase;
			buildActionMask = 2147483647;
			files = (
				A9E44351229D749F00F6EC2D /* NSRControllerWebView.m in Sources */,
				A9E4434F229D749F00F6EC2D /* NSREventWebView.m in Sources */,
				B3E7B58A1CC2AC0600A0062D /* RNReactNativeIosLibraryNsr.m in Sources */,
				A9E4434C229D749F00F6EC2D /* NSRDefaultSecurityDelegate.m in Sources */,
				A9E44352229D749F00F6EC2D /* NSRUser.m in Sources */,
				A9E4434D229D749F00F6EC2D /* NSRWebView.m in Sources */,
				A9E4434A229D749F00F6EC2D /* NSR.m in Sources */,
			);
			runOnlyForDeploymentPostprocessing = 0;
		};
/* End PBXSourcesBuildPhase section */

/* Begin XCBuildConfiguration section */
		58B511ED1A9E6C8500147676 /* Debug */ = {
			isa = XCBuildConfiguration;
			buildSettings = {
				ALWAYS_SEARCH_USER_PATHS = NO;
				CLANG_CXX_LANGUAGE_STANDARD = "gnu++0x";
				CLANG_CXX_LIBRARY = "libc++";
				CLANG_ENABLE_MODULES = YES;
				CLANG_ENABLE_OBJC_ARC = YES;
				CLANG_WARN_BOOL_CONVERSION = YES;
				CLANG_WARN_CONSTANT_CONVERSION = YES;
				CLANG_WARN_DIRECT_OBJC_ISA_USAGE = YES_ERROR;
				CLANG_WARN_EMPTY_BODY = YES;
				CLANG_WARN_ENUM_CONVERSION = YES;
				CLANG_WARN_INFINITE_RECURSION = YES;
				CLANG_WARN_INT_CONVERSION = YES;
				CLANG_WARN_OBJC_ROOT_CLASS = YES_ERROR;
				CLANG_WARN_SUSPICIOUS_MOVE = YES;
				CLANG_WARN_UNREACHABLE_CODE = YES;
				CLANG_WARN__DUPLICATE_METHOD_MATCH = YES;
				COPY_PHASE_STRIP = NO;
				ENABLE_STRICT_OBJC_MSGSEND = YES;
				ENABLE_TESTABILITY = YES;
				GCC_C_LANGUAGE_STANDARD = gnu99;
				GCC_DYNAMIC_NO_PIC = NO;
				GCC_NO_COMMON_BLOCKS = YES;
				GCC_OPTIMIZATION_LEVEL = 0;
				GCC_PREPROCESSOR_DEFINITIONS = (
					"DEBUG=1",
					"$(inherited)",
				);
				GCC_SYMBOLS_PRIVATE_EXTERN = NO;
				GCC_WARN_64_TO_32_BIT_CONVERSION = YES;
				GCC_WARN_ABOUT_RETURN_TYPE = YES_ERROR;
				GCC_WARN_UNDECLARED_SELECTOR = YES;
				GCC_WARN_UNINITIALIZED_AUTOS = YES_AGGRESSIVE;
				GCC_WARN_UNUSED_FUNCTION = YES;
				GCC_WARN_UNUSED_VARIABLE = YES;
				IPHONEOS_DEPLOYMENT_TARGET = 8.0;
				MTL_ENABLE_DEBUG_INFO = YES;
				ONLY_ACTIVE_ARCH = YES;
				SDKROOT = iphoneos;
			};
			name = Debug;
		};
		58B511EE1A9E6C8500147676 /* Release */ = {
			isa = XCBuildConfiguration;
			buildSettings = {
				ALWAYS_SEARCH_USER_PATHS = NO;
				CLANG_CXX_LANGUAGE_STANDARD = "gnu++0x";
				CLANG_CXX_LIBRARY = "libc++";
				CLANG_ENABLE_MODULES = YES;
				CLANG_ENABLE_OBJC_ARC = YES;
				CLANG_WARN_BOOL_CONVERSION = YES;
				CLANG_WARN_CONSTANT_CONVERSION = YES;
				CLANG_WARN_DIRECT_OBJC_ISA_USAGE = YES_ERROR;
				CLANG_WARN_EMPTY_BODY = YES;
				CLANG_WARN_ENUM_CONVERSION = YES;
				CLANG_WARN_INFINITE_RECURSION = YES;
				CLANG_WARN_INT_CONVERSION = YES;
				CLANG_WARN_OBJC_ROOT_CLASS = YES_ERROR;
				CLANG_WARN_SUSPICIOUS_MOVE = YES;
				CLANG_WARN_UNREACHABLE_CODE = YES;
				CLANG_WARN__DUPLICATE_METHOD_MATCH = YES;
				COPY_PHASE_STRIP = YES;
				ENABLE_NS_ASSERTIONS = NO;
				ENABLE_STRICT_OBJC_MSGSEND = YES;
				GCC_C_LANGUAGE_STANDARD = gnu99;
				GCC_NO_COMMON_BLOCKS = YES;
				GCC_WARN_64_TO_32_BIT_CONVERSION = YES;
				GCC_WARN_ABOUT_RETURN_TYPE = YES_ERROR;
				GCC_WARN_UNDECLARED_SELECTOR = YES;
				GCC_WARN_UNINITIALIZED_AUTOS = YES_AGGRESSIVE;
				GCC_WARN_UNUSED_FUNCTION = YES;
				GCC_WARN_UNUSED_VARIABLE = YES;
				IPHONEOS_DEPLOYMENT_TARGET = 8.0;
				MTL_ENABLE_DEBUG_INFO = NO;
				SDKROOT = iphoneos;
				VALIDATE_PRODUCT = YES;
			};
			name = Release;
		};
		58B511F01A9E6C8500147676 /* Debug */ = {
			isa = XCBuildConfiguration;
			baseConfigurationReference = 8D2B7C14CF21CD75818C28BE /* Pods-RNReactNativeIosLibraryNsr.debug.xcconfig */;
			buildSettings = {
				HEADER_SEARCH_PATHS = (
					"$(inherited)",
					/Applications/Xcode.app/Contents/Developer/Toolchains/XcodeDefault.xctoolchain/usr/include,
					"$(SRCROOT)/../../../React/**",
					"$(SRCROOT)/../../react-native/React/**",
				);
				LIBRARY_SEARCH_PATHS = "$(inherited)";
				OTHER_LDFLAGS = "-ObjC";
				PRODUCT_NAME = RNReactNativeIosLibraryNsr;
				SKIP_INSTALL = YES;
			};
			name = Debug;
		};
		58B511F11A9E6C8500147676 /* Release */ = {
			isa = XCBuildConfiguration;
			baseConfigurationReference = 328A7D97C148CD8E63692260 /* Pods-RNReactNativeIosLibraryNsr.release.xcconfig */;
			buildSettings = {
				HEADER_SEARCH_PATHS = (
					"$(inherited)",
					/Applications/Xcode.app/Contents/Developer/Toolchains/XcodeDefault.xctoolchain/usr/include,
					"$(SRCROOT)/../../../React/**",
					"$(SRCROOT)/../../react-native/React/**",
				);
				LIBRARY_SEARCH_PATHS = "$(inherited)";
				OTHER_LDFLAGS = "-ObjC";
				PRODUCT_NAME = RNReactNativeIosLibraryNsr;
				SKIP_INSTALL = YES;
			};
			name = Release;
		};
/* End XCBuildConfiguration section */

/* Begin XCConfigurationList section */
		58B511D61A9E6C8500147676 /* Build configuration list for PBXProject "RNReactNativeIosLibraryNsr" */ = {
			isa = XCConfigurationList;
			buildConfigurations = (
				58B511ED1A9E6C8500147676 /* Debug */,
				58B511EE1A9E6C8500147676 /* Release */,
			);
			defaultConfigurationIsVisible = 0;
			defaultConfigurationName = Release;
		};
		58B511EF1A9E6C8500147676 /* Build configuration list for PBXNativeTarget "RNReactNativeIosLibraryNsr" */ = {
			isa = XCConfigurationList;
			buildConfigurations = (
				58B511F01A9E6C8500147676 /* Debug */,
				58B511F11A9E6C8500147676 /* Release */,
			);
			defaultConfigurationIsVisible = 0;
			defaultConfigurationName = Release;
		};
/* End XCConfigurationList section */
	};
	rootObject = 58B511D31A9E6C8500147676 /* Project object */;
}
